
Microsoft Visual Studio Solution File, Format Version 12.00
# Visual Studio 15
VisualStudioVersion = 15.0.28307.902
MinimumVisualStudioVersion = 10.0.40219.1
Project("{FAE04EC0-301F-11D3-BF4B-00C04F79EFBC}") = "UniqueRandomNumberGenerator", "UniqueRandomNumberGenerator\UniqueRandomNumberGenerator.csproj", "{73607D2D-F464-487A-8869-1080E3BE2F44}"
EndProject
Project("{FAE04EC0-301F-11D3-BF4B-00C04F79EFBC}") = "HtmlCodec", "HtmlCodec\HtmlCodec.csproj", "{7667198D-32DF-4D5C-958E-AB8CFAD29BCF}"
EndProject
Project("{FAE04EC0-301F-11D3-BF4B-00C04F79EFBC}") = "TabControlTest", "TabControlTest\TabControlTest.csproj", "{99AAB8C3-770D-4AB2-8452-021F449EAA01}"
EndProject
Project("{FAE04EC0-301F-11D3-BF4B-00C04F79EFBC}") = "LinqTest", "LinqTest\LinqTest.csproj", "{CBCEB0C9-C7F1-4124-9CA1-6E5D44B55180}"
EndProject
Project("{FAE04EC0-301F-11D3-BF4B-00C04F79EFBC}") = "StringFormatTest", "StringFormatTest\StringFormatTest.csproj", "{570ED7CA-ACB6-4456-AA1E-E7958A35CC28}"
EndProject
Project("{FAE04EC0-301F-11D3-BF4B-00C04F79EFBC}") = "Delimeter", "Delimeter\Delimeter.csproj", "{B44CB8B3-383A-43D5-8A0C-DD658D44CAD1}"
EndProject
Project("{FAE04EC0-301F-11D3-BF4B-00C04F79EFBC}") = "PropertyInitializationOnConstructor", "PropertyInitializationOnConstructor\PropertyInitializationOnConstructor.csproj", "{ED8D5712-9E23-4037-86A4-861532034C7C}"
EndProject
Project("{FAE04EC0-301F-11D3-BF4B-00C04F79EFBC}") = "GenericCollections", "GenericCollections\GenericCollections.csproj", "{4A1F7EBE-EEA4-45E2-8C0D-31CBBDBAF9E4}"
EndProject
Project("{FAE04EC0-301F-11D3-BF4B-00C04F79EFBC}") = "DelegateSample", "DelegateSample\DelegateSample.csproj", "{1999FF16-1E44-4697-8A89-2698174F8CB3}"
EndProject
Project("{FAE04EC0-301F-11D3-BF4B-00C04F79EFBC}") = "QueryDeployer", "QueryDeployer\QueryDeployer.csproj", "{709187C2-6B9D-4B9C-AF47-1C06486A1F8F}"
EndProject
Project("{FAE04EC0-301F-11D3-BF4B-00C04F79EFBC}") = "MultiThreadTest", "MultiThreadTest\MultiThreadTest.csproj", "{577322DC-B117-435D-82BC-3B975D4FAEC0}"
EndProject
Project("{FAE04EC0-301F-11D3-BF4B-00C04F79EFBC}") = "TaskTest", "TaskTest\TaskTest.csproj", "{DB5244BF-C004-4700-9DF1-CB18C49BB1A1}"
EndProject
Global
	GlobalSection(SolutionConfigurationPlatforms) = preSolution
		Debug|Any CPU = Debug|Any CPU
		Release|Any CPU = Release|Any CPU
	EndGlobalSection
	GlobalSection(ProjectConfigurationPlatforms) = postSolution
		{73607D2D-F464-487A-8869-1080E3BE2F44}.Debug|Any CPU.ActiveCfg = Debug|Any CPU
		{73607D2D-F464-487A-8869-1080E3BE2F44}.Debug|Any CPU.Build.0 = Debug|Any CPU
		{73607D2D-F464-487A-8869-1080E3BE2F44}.Release|Any CPU.ActiveCfg = Release|Any CPU
		{73607D2D-F464-487A-8869-1080E3BE2F44}.Release|Any CPU.Build.0 = Release|Any CPU
		{7667198D-32DF-4D5C-958E-AB8CFAD29BCF}.Debug|Any CPU.ActiveCfg = Debug|Any CPU
		{7667198D-32DF-4D5C-958E-AB8CFAD29BCF}.Debug|Any CPU.Build.0 = Debug|Any CPU
		{7667198D-32DF-4D5C-958E-AB8CFAD29BCF}.Release|Any CPU.ActiveCfg = Release|Any CPU
		{7667198D-32DF-4D5C-958E-AB8CFAD29BCF}.Release|Any CPU.Build.0 = Release|Any CPU
		{99AAB8C3-770D-4AB2-8452-021F449EAA01}.Debug|Any CPU.ActiveCfg = Debug|Any CPU
		{99AAB8C3-770D-4AB2-8452-021F449EAA01}.Debug|Any CPU.Build.0 = Debug|Any CPU
		{99AAB8C3-770D-4AB2-8452-021F449EAA01}.Release|Any CPU.ActiveCfg = Release|Any CPU
		{99AAB8C3-770D-4AB2-8452-021F449EAA01}.Release|Any CPU.Build.0 = Release|Any CPU
		{CBCEB0C9-C7F1-4124-9CA1-6E5D44B55180}.Debug|Any CPU.ActiveCfg = Debug|Any CPU
		{CBCEB0C9-C7F1-4124-9CA1-6E5D44B55180}.Debug|Any CPU.Build.0 = Debug|Any CPU
		{CBCEB0C9-C7F1-4124-9CA1-6E5D44B55180}.Release|Any CPU.ActiveCfg = Release|Any CPU
		{CBCEB0C9-C7F1-4124-9CA1-6E5D44B55180}.Release|Any CPU.Build.0 = Release|Any CPU
		{570ED7CA-ACB6-4456-AA1E-E7958A35CC28}.Debug|Any CPU.ActiveCfg = Debug|Any CPU
		{570ED7CA-ACB6-4456-AA1E-E7958A35CC28}.Debug|Any CPU.Build.0 = Debug|Any CPU
		{570ED7CA-ACB6-4456-AA1E-E7958A35CC28}.Release|Any CPU.ActiveCfg = Release|Any CPU
		{570ED7CA-ACB6-4456-AA1E-E7958A35CC28}.Release|Any CPU.Build.0 = Release|Any CPU
		{B44CB8B3-383A-43D5-8A0C-DD658D44CAD1}.Debug|Any CPU.ActiveCfg = Debug|Any CPU
		{B44CB8B3-383A-43D5-8A0C-DD658D44CAD1}.Debug|Any CPU.Build.0 = Debug|Any CPU
		{B44CB8B3-383A-43D5-8A0C-DD658D44CAD1}.Release|Any CPU.ActiveCfg = Release|Any CPU
		{B44CB8B3-383A-43D5-8A0C-DD658D44CAD1}.Release|Any CPU.Build.0 = Release|Any CPU
		{ED8D5712-9E23-4037-86A4-861532034C7C}.Debug|Any CPU.ActiveCfg = Debug|Any CPU
		{ED8D5712-9E23-4037-86A4-861532034C7C}.Debug|Any CPU.Build.0 = Debug|Any CPU
		{ED8D5712-9E23-4037-86A4-861532034C7C}.Release|Any CPU.ActiveCfg = Release|Any CPU
		{ED8D5712-9E23-4037-86A4-861532034C7C}.Release|Any CPU.Build.0 = Release|Any CPU
		{4A1F7EBE-EEA4-45E2-8C0D-31CBBDBAF9E4}.Debug|Any CPU.ActiveCfg = Debug|Any CPU
		{4A1F7EBE-EEA4-45E2-8C0D-31CBBDBAF9E4}.Debug|Any CPU.Build.0 = Debug|Any CPU
		{4A1F7EBE-EEA4-45E2-8C0D-31CBBDBAF9E4}.Release|Any CPU.ActiveCfg = Release|Any CPU
		{4A1F7EBE-EEA4-45E2-8C0D-31CBBDBAF9E4}.Release|Any CPU.Build.0 = Release|Any CPU
		{1999FF16-1E44-4697-8A89-2698174F8CB3}.Debug|Any CPU.ActiveCfg = Debug|Any CPU
		{1999FF16-1E44-4697-8A89-2698174F8CB3}.Debug|Any CPU.Build.0 = Debug|Any CPU
		{1999FF16-1E44-4697-8A89-2698174F8CB3}.Release|Any CPU.ActiveCfg = Release|Any CPU
		{1999FF16-1E44-4697-8A89-2698174F8CB3}.Release|Any CPU.Build.0 = Release|Any CPU
		{709187C2-6B9D-4B9C-AF47-1C06486A1F8F}.Debug|Any CPU.ActiveCfg = Debug|Any CPU
		{709187C2-6B9D-4B9C-AF47-1C06486A1F8F}.Debug|Any CPU.Build.0 = Debug|Any CPU
		{709187C2-6B9D-4B9C-AF47-1C06486A1F8F}.Release|Any CPU.ActiveCfg = Release|Any CPU
		{709187C2-6B9D-4B9C-AF47-1C06486A1F8F}.Release|Any CPU.Build.0 = Release|Any CPU
		{577322DC-B117-435D-82BC-3B975D4FAEC0}.Debug|Any CPU.ActiveCfg = Debug|Any CPU
		{577322DC-B117-435D-82BC-3B975D4FAEC0}.Debug|Any CPU.Build.0 = Debug|Any CPU
		{577322DC-B117-435D-82BC-3B975D4FAEC0}.Release|Any CPU.ActiveCfg = Release|Any CPU
		{577322DC-B117-435D-82BC-3B975D4FAEC0}.Release|Any CPU.Build.0 = Release|Any CPU
		{DB5244BF-C004-4700-9DF1-CB18C49BB1A1}.Debug|Any CPU.ActiveCfg = Debug|Any CPU
		{DB5244BF-C004-4700-9DF1-CB18C49BB1A1}.Debug|Any CPU.Build.0 = Debug|Any CPU
		{DB5244BF-C004-4700-9DF1-CB18C49BB1A1}.Release|Any CPU.ActiveCfg = Release|Any CPU
		{DB5244BF-C004-4700-9DF1-CB18C49BB1A1}.Release|Any CPU.Build.0 = Release|Any CPU
	EndGlobalSection
	GlobalSection(SolutionProperties) = preSolution
		HideSolutionNode = FALSE
	EndGlobalSection
	GlobalSection(ExtensibilityGlobals) = postSolution
		SolutionGuid = {F0D0176A-DE49-45E8-884A-0C1BF7D79732}
	EndGlobalSection
EndGlobal
