
Microsoft Visual Studio Solution File, Format Version 12.00
# Visual Studio Version 16
VisualStudioVersion = 16.0.30011.22
MinimumVisualStudioVersion = 10.0.40219.1
Project("{FAE04EC0-301F-11D3-BF4B-00C04F79EFBC}") = "UniqueRandomNumberGenerator", "UniqueRandomNumberGenerator\UniqueRandomNumberGenerator.csproj", "{73607D2D-F464-487A-8869-1080E3BE2F44}"
EndProject
Project("{FAE04EC0-301F-11D3-BF4B-00C04F79EFBC}") = "HtmlCodec", "HtmlCodec\HtmlCodec.csproj", "{7667198D-32DF-4D5C-958E-AB8CFAD29BCF}"
EndProject
Project("{FAE04EC0-301F-11D3-BF4B-00C04F79EFBC}") = "TabControlTest", "TabControlTest\TabControlTest.csproj", "{99AAB8C3-770D-4AB2-8452-021F449EAA01}"
EndProject
Project("{FAE04EC0-301F-11D3-BF4B-00C04F79EFBC}") = "LinqTest", "LinqTest\LinqTest.csproj", "{CBCEB0C9-C7F1-4124-9CA1-6E5D44B55180}"
EndProject
Project("{FAE04EC0-301F-11D3-BF4B-00C04F79EFBC}") = "StringFormatTest", "StringFormatTest\StringFormatTest.csproj", "{570ED7CA-ACB6-4456-AA1E-E7958A35CC28}"
EndProject
Project("{FAE04EC0-301F-11D3-BF4B-00C04F79EFBC}") = "Delimeter", "Delimeter\Delimeter.csproj", "{B44CB8B3-383A-43D5-8A0C-DD658D44CAD1}"
EndProject
Project("{FAE04EC0-301F-11D3-BF4B-00C04F79EFBC}") = "PropertyInitializationOnConstructor", "PropertyInitializationOnConstructor\PropertyInitializationOnConstructor.csproj", "{ED8D5712-9E23-4037-86A4-861532034C7C}"
EndProject
Project("{FAE04EC0-301F-11D3-BF4B-00C04F79EFBC}") = "GenericCollections", "GenericCollections\GenericCollections.csproj", "{4A1F7EBE-EEA4-45E2-8C0D-31CBBDBAF9E4}"
EndProject
Project("{FAE04EC0-301F-11D3-BF4B-00C04F79EFBC}") = "DelegateSample", "DelegateSample\DelegateSample.csproj", "{1999FF16-1E44-4697-8A89-2698174F8CB3}"
EndProject
Project("{FAE04EC0-301F-11D3-BF4B-00C04F79EFBC}") = "QueryDeployer", "QueryDeployer\QueryDeployer.csproj", "{709187C2-6B9D-4B9C-AF47-1C06486A1F8F}"
EndProject
Project("{FAE04EC0-301F-11D3-BF4B-00C04F79EFBC}") = "MultiThreadTest", "MultiThreadTest\MultiThreadTest.csproj", "{577322DC-B117-435D-82BC-3B975D4FAEC0}"
EndProject
Project("{FAE04EC0-301F-11D3-BF4B-00C04F79EFBC}") = "TaskTest", "TaskTest\TaskTest.csproj", "{DB5244BF-C004-4700-9DF1-CB18C49BB1A1}"
EndProject
Project("{8BC9CEB8-8B4A-11D0-8D11-00A0C91BC942}") = "CrashCourse00", "CrashCourse00\CrashCourse00.vcxproj", "{FA563F61-67FE-4BD9-BB79-91CEF40F3427}"
EndProject
Project("{9A19103F-16F7-4668-BE54-9A1E7A4F7556}") = "NullableTypeTest", "NullableTypeTest\NullableTypeTest.csproj", "{4FCA47B6-E682-4306-8599-2F2A0312A347}"
EndProject
Project("{9A19103F-16F7-4668-BE54-9A1E7A4F7556}") = "ExtensionMethodOfProperty", "ExtensionMethodOfProperty\ExtensionMethodOfProperty.csproj", "{B9EB603B-90F5-4346-8B11-FE5B6FBD10F4}"
EndProject
Project("{9A19103F-16F7-4668-BE54-9A1E7A4F7556}") = "GenericReadWriteLibrary", "GenericReadWriteLibrary\GenericReadWriteLibrary.csproj", "{1DE9973C-1556-48F2-B6FA-E7961814B0F4}"
EndProject
Project("{9A19103F-16F7-4668-BE54-9A1E7A4F7556}") = "GenericReadWriteLibraryUnitTests", "GenericReadWriteLibraryUnitTests\GenericReadWriteLibraryUnitTests.csproj", "{A48BBB6E-2834-43CE-89D2-49D04F692BAD}"
EndProject
Project("{9A19103F-16F7-4668-BE54-9A1E7A4F7556}") = "BlockCopyTest", "BlockCopyTest\BlockCopyTest.csproj", "{87D2C1CD-EF58-4FEA-AE70-A995154AED8E}"
EndProject
Project("{9A19103F-16F7-4668-BE54-9A1E7A4F7556}") = "BitShiftTest", "BitShiftTest\BitShiftTest.csproj", "{91408D64-E18B-4136-84BF-C1D76B25BC28}"
EndProject
Project("{9A19103F-16F7-4668-BE54-9A1E7A4F7556}") = "MultiplicationTable", "MultiplicationTable\MultiplicationTable.csproj", "{F64985CD-0FFC-4D3C-A12E-209BCFEA6BBE}"
EndProject
Project("{9A19103F-16F7-4668-BE54-9A1E7A4F7556}") = "BackgroundThread", "BackgroundThread\BackgroundThread.csproj", "{6C56B6C9-B46F-48BE-A717-A9B8ED01F290}"
EndProject
Project("{9A19103F-16F7-4668-BE54-9A1E7A4F7556}") = "SocketState", "SocketState\SocketState.csproj", "{D01C46F5-7FDE-4E13-A162-E486C553DF69}"
EndProject
Project("{FAE04EC0-301F-11D3-BF4B-00C04F79EFBC}") = "ManualResetEventSlimTest", "ManualResetEventSlimTest\ManualResetEventSlimTest.csproj", "{53516E51-FC19-404C-98B0-4E282F0E340F}"
EndProject
Project("{FAE04EC0-301F-11D3-BF4B-00C04F79EFBC}") = "ThreadPoolExceptionTest", "ThreadPoolExceptionTest\ThreadPoolExceptionTest.csproj", "{CB0EEA63-20E8-40B6-A431-B880AA72B662}"
EndProject
Project("{9A19103F-16F7-4668-BE54-9A1E7A4F7556}") = "CancellationTokenSourceTest", "CancellationTokenSourceTest\CancellationTokenSourceTest.csproj", "{AE31F668-8519-4E18-B668-0020F70BECEA}"
EndProject
Project("{2150E333-8FDC-42A3-9474-1A3956D46DE8}") = "Solution Items", "Solution Items", "{0788685B-8CDC-4D59-BD6F-7BF0CA6BC214}"
	ProjectSection(SolutionItems) = preProject
		.editorconfig = .editorconfig
	EndProjectSection
EndProject
Project("{9A19103F-16F7-4668-BE54-9A1E7A4F7556}") = "KeepAliveTestServer", "KeepAliveTest\KeepAliveTestServer.csproj", "{1A33BAF1-6B64-4510-9CDA-FD085CA41D88}"
EndProject
Project("{9A19103F-16F7-4668-BE54-9A1E7A4F7556}") = "KeepAliveTestLibrary", "KeepAliveTestLibrary\KeepAliveTestLibrary.csproj", "{98910C70-DD5E-4B8D-87FD-C6FFD00D5E69}"
EndProject
Project("{9A19103F-16F7-4668-BE54-9A1E7A4F7556}") = "KeepAliveTestClient", "KeepAliveTestClient\KeepAliveTestClient.csproj", "{48EA62A3-D4F3-495D-AD48-A6BF33485707}"
EndProject
Project("{9A19103F-16F7-4668-BE54-9A1E7A4F7556}") = "RedisWithStackExchangeTest", "RedisWithStackExchangeTest\RedisWithStackExchangeTest.csproj", "{596639F0-C82E-4111-81B3-833BEDD12FE1}"
EndProject
Project("{9A19103F-16F7-4668-BE54-9A1E7A4F7556}") = "RedisValueTypeTest", "RedisValueTypeTest\RedisValueTypeTest.csproj", "{8937CF84-CD7E-417E-933C-634D720F046B}"
EndProject
Project("{9A19103F-16F7-4668-BE54-9A1E7A4F7556}") = "RedisPerformanceTest", "RedisPerformanceTest\RedisPerformanceTest.csproj", "{4E57005A-FACA-4ABB-9947-28DB29D92629}"
EndProject
Project("{9A19103F-16F7-4668-BE54-9A1E7A4F7556}") = "ParallelTest", "ParallelTest\ParallelTest.csproj", "{8B85A1CF-3B72-43C7-822A-9DA05867C971}"
EndProject
Project("{FAE04EC0-301F-11D3-BF4B-00C04F79EFBC}") = "RandomPerformanceTest", "RandomPerformanceTest\RandomPerformanceTest.csproj", "{8F658986-07C5-4004-8875-0EB66B64F1D3}"
EndProject
Project("{FAE04EC0-301F-11D3-BF4B-00C04F79EFBC}") = "RedisStressTest", "RedisStressTest\RedisStressTest.csproj", "{D1CF0601-7EEF-40E9-A0EC-139BC4802C60}"
EndProject
Project("{9A19103F-16F7-4668-BE54-9A1E7A4F7556}") = "ConfigurationTest", "ConfigurationTest\ConfigurationTest.csproj", "{F3B00325-558D-44AC-ACF0-F814F9F5E2AF}"
EndProject
Project("{9A19103F-16F7-4668-BE54-9A1E7A4F7556}") = "ConfigurationUnitTests", "ConfigurationUnitTests\ConfigurationUnitTests.csproj", "{DF946017-A0C4-450E-A17D-201FF8789E9D}"
EndProject
Project("{FAE04EC0-301F-11D3-BF4B-00C04F79EFBC}") = "StringUnitTests", "StringUnitTests\StringUnitTests.csproj", "{F924BBBA-C6D1-44DD-B835-BDF1FDD83EEF}"
EndProject
Project("{9A19103F-16F7-4668-BE54-9A1E7A4F7556}") = "StaticConstructorTest", "StaticConstructorTest\StaticConstructorTest.csproj", "{D1C83A28-C3AC-4864-9B07-76926F9010E8}"
EndProject
Project("{9A19103F-16F7-4668-BE54-9A1E7A4F7556}") = "ListTest", "ListTest\ListTest.csproj", "{0FE7B836-C7B7-4591-A5EA-545E78193802}"
EndProject
Project("{9A19103F-16F7-4668-BE54-9A1E7A4F7556}") = "DataStructureTest", "DataStructureTest\DataStructureTest.csproj", "{D7C9EE26-4993-45D8-8EBF-D3C7015D570A}"
EndProject
Project("{FAE04EC0-301F-11D3-BF4B-00C04F79EFBC}") = "FlatbuffersTest", "FlatbuffersTest\FlatbuffersTest.csproj", "{3B41AAE2-483E-4623-B007-3AB06FF793D8}"
EndProject
Global
	GlobalSection(SolutionConfigurationPlatforms) = preSolution
		Debug|Any CPU = Debug|Any CPU
		Debug|x64 = Debug|x64
		Debug|x86 = Debug|x86
		Release|Any CPU = Release|Any CPU
		Release|x64 = Release|x64
		Release|x86 = Release|x86
	EndGlobalSection
	GlobalSection(ProjectConfigurationPlatforms) = postSolution
		{73607D2D-F464-487A-8869-1080E3BE2F44}.Debug|Any CPU.ActiveCfg = Debug|Any CPU
		{73607D2D-F464-487A-8869-1080E3BE2F44}.Debug|Any CPU.Build.0 = Debug|Any CPU
		{73607D2D-F464-487A-8869-1080E3BE2F44}.Debug|x64.ActiveCfg = Debug|Any CPU
		{73607D2D-F464-487A-8869-1080E3BE2F44}.Debug|x86.ActiveCfg = Debug|Any CPU
		{73607D2D-F464-487A-8869-1080E3BE2F44}.Release|Any CPU.ActiveCfg = Release|Any CPU
		{73607D2D-F464-487A-8869-1080E3BE2F44}.Release|Any CPU.Build.0 = Release|Any CPU
		{73607D2D-F464-487A-8869-1080E3BE2F44}.Release|x64.ActiveCfg = Release|Any CPU
		{73607D2D-F464-487A-8869-1080E3BE2F44}.Release|x86.ActiveCfg = Release|Any CPU
		{7667198D-32DF-4D5C-958E-AB8CFAD29BCF}.Debug|Any CPU.ActiveCfg = Debug|Any CPU
		{7667198D-32DF-4D5C-958E-AB8CFAD29BCF}.Debug|Any CPU.Build.0 = Debug|Any CPU
		{7667198D-32DF-4D5C-958E-AB8CFAD29BCF}.Debug|x64.ActiveCfg = Debug|Any CPU
		{7667198D-32DF-4D5C-958E-AB8CFAD29BCF}.Debug|x86.ActiveCfg = Debug|Any CPU
		{7667198D-32DF-4D5C-958E-AB8CFAD29BCF}.Release|Any CPU.ActiveCfg = Release|Any CPU
		{7667198D-32DF-4D5C-958E-AB8CFAD29BCF}.Release|Any CPU.Build.0 = Release|Any CPU
		{7667198D-32DF-4D5C-958E-AB8CFAD29BCF}.Release|x64.ActiveCfg = Release|Any CPU
		{7667198D-32DF-4D5C-958E-AB8CFAD29BCF}.Release|x86.ActiveCfg = Release|Any CPU
		{99AAB8C3-770D-4AB2-8452-021F449EAA01}.Debug|Any CPU.ActiveCfg = Debug|Any CPU
		{99AAB8C3-770D-4AB2-8452-021F449EAA01}.Debug|Any CPU.Build.0 = Debug|Any CPU
		{99AAB8C3-770D-4AB2-8452-021F449EAA01}.Debug|x64.ActiveCfg = Debug|Any CPU
		{99AAB8C3-770D-4AB2-8452-021F449EAA01}.Debug|x86.ActiveCfg = Debug|Any CPU
		{99AAB8C3-770D-4AB2-8452-021F449EAA01}.Release|Any CPU.ActiveCfg = Release|Any CPU
		{99AAB8C3-770D-4AB2-8452-021F449EAA01}.Release|Any CPU.Build.0 = Release|Any CPU
		{99AAB8C3-770D-4AB2-8452-021F449EAA01}.Release|x64.ActiveCfg = Release|Any CPU
		{99AAB8C3-770D-4AB2-8452-021F449EAA01}.Release|x86.ActiveCfg = Release|Any CPU
		{CBCEB0C9-C7F1-4124-9CA1-6E5D44B55180}.Debug|Any CPU.ActiveCfg = Debug|Any CPU
		{CBCEB0C9-C7F1-4124-9CA1-6E5D44B55180}.Debug|Any CPU.Build.0 = Debug|Any CPU
		{CBCEB0C9-C7F1-4124-9CA1-6E5D44B55180}.Debug|x64.ActiveCfg = Debug|Any CPU
		{CBCEB0C9-C7F1-4124-9CA1-6E5D44B55180}.Debug|x86.ActiveCfg = Debug|Any CPU
		{CBCEB0C9-C7F1-4124-9CA1-6E5D44B55180}.Release|Any CPU.ActiveCfg = Release|Any CPU
		{CBCEB0C9-C7F1-4124-9CA1-6E5D44B55180}.Release|Any CPU.Build.0 = Release|Any CPU
		{CBCEB0C9-C7F1-4124-9CA1-6E5D44B55180}.Release|x64.ActiveCfg = Release|Any CPU
		{CBCEB0C9-C7F1-4124-9CA1-6E5D44B55180}.Release|x86.ActiveCfg = Release|Any CPU
		{570ED7CA-ACB6-4456-AA1E-E7958A35CC28}.Debug|Any CPU.ActiveCfg = Debug|Any CPU
		{570ED7CA-ACB6-4456-AA1E-E7958A35CC28}.Debug|Any CPU.Build.0 = Debug|Any CPU
		{570ED7CA-ACB6-4456-AA1E-E7958A35CC28}.Debug|x64.ActiveCfg = Debug|Any CPU
		{570ED7CA-ACB6-4456-AA1E-E7958A35CC28}.Debug|x86.ActiveCfg = Debug|Any CPU
		{570ED7CA-ACB6-4456-AA1E-E7958A35CC28}.Release|Any CPU.ActiveCfg = Release|Any CPU
		{570ED7CA-ACB6-4456-AA1E-E7958A35CC28}.Release|Any CPU.Build.0 = Release|Any CPU
		{570ED7CA-ACB6-4456-AA1E-E7958A35CC28}.Release|x64.ActiveCfg = Release|Any CPU
		{570ED7CA-ACB6-4456-AA1E-E7958A35CC28}.Release|x86.ActiveCfg = Release|Any CPU
		{B44CB8B3-383A-43D5-8A0C-DD658D44CAD1}.Debug|Any CPU.ActiveCfg = Debug|Any CPU
		{B44CB8B3-383A-43D5-8A0C-DD658D44CAD1}.Debug|Any CPU.Build.0 = Debug|Any CPU
		{B44CB8B3-383A-43D5-8A0C-DD658D44CAD1}.Debug|x64.ActiveCfg = Debug|Any CPU
		{B44CB8B3-383A-43D5-8A0C-DD658D44CAD1}.Debug|x86.ActiveCfg = Debug|Any CPU
		{B44CB8B3-383A-43D5-8A0C-DD658D44CAD1}.Release|Any CPU.ActiveCfg = Release|Any CPU
		{B44CB8B3-383A-43D5-8A0C-DD658D44CAD1}.Release|Any CPU.Build.0 = Release|Any CPU
		{B44CB8B3-383A-43D5-8A0C-DD658D44CAD1}.Release|x64.ActiveCfg = Release|Any CPU
		{B44CB8B3-383A-43D5-8A0C-DD658D44CAD1}.Release|x86.ActiveCfg = Release|Any CPU
		{ED8D5712-9E23-4037-86A4-861532034C7C}.Debug|Any CPU.ActiveCfg = Debug|Any CPU
		{ED8D5712-9E23-4037-86A4-861532034C7C}.Debug|Any CPU.Build.0 = Debug|Any CPU
		{ED8D5712-9E23-4037-86A4-861532034C7C}.Debug|x64.ActiveCfg = Debug|Any CPU
		{ED8D5712-9E23-4037-86A4-861532034C7C}.Debug|x86.ActiveCfg = Debug|Any CPU
		{ED8D5712-9E23-4037-86A4-861532034C7C}.Release|Any CPU.ActiveCfg = Release|Any CPU
		{ED8D5712-9E23-4037-86A4-861532034C7C}.Release|Any CPU.Build.0 = Release|Any CPU
		{ED8D5712-9E23-4037-86A4-861532034C7C}.Release|x64.ActiveCfg = Release|Any CPU
		{ED8D5712-9E23-4037-86A4-861532034C7C}.Release|x86.ActiveCfg = Release|Any CPU
		{4A1F7EBE-EEA4-45E2-8C0D-31CBBDBAF9E4}.Debug|Any CPU.ActiveCfg = Debug|Any CPU
		{4A1F7EBE-EEA4-45E2-8C0D-31CBBDBAF9E4}.Debug|Any CPU.Build.0 = Debug|Any CPU
		{4A1F7EBE-EEA4-45E2-8C0D-31CBBDBAF9E4}.Debug|x64.ActiveCfg = Debug|Any CPU
		{4A1F7EBE-EEA4-45E2-8C0D-31CBBDBAF9E4}.Debug|x86.ActiveCfg = Debug|Any CPU
		{4A1F7EBE-EEA4-45E2-8C0D-31CBBDBAF9E4}.Release|Any CPU.ActiveCfg = Release|Any CPU
		{4A1F7EBE-EEA4-45E2-8C0D-31CBBDBAF9E4}.Release|Any CPU.Build.0 = Release|Any CPU
		{4A1F7EBE-EEA4-45E2-8C0D-31CBBDBAF9E4}.Release|x64.ActiveCfg = Release|Any CPU
		{4A1F7EBE-EEA4-45E2-8C0D-31CBBDBAF9E4}.Release|x86.ActiveCfg = Release|Any CPU
		{1999FF16-1E44-4697-8A89-2698174F8CB3}.Debug|Any CPU.ActiveCfg = Debug|Any CPU
		{1999FF16-1E44-4697-8A89-2698174F8CB3}.Debug|Any CPU.Build.0 = Debug|Any CPU
		{1999FF16-1E44-4697-8A89-2698174F8CB3}.Debug|x64.ActiveCfg = Debug|Any CPU
		{1999FF16-1E44-4697-8A89-2698174F8CB3}.Debug|x86.ActiveCfg = Debug|Any CPU
		{1999FF16-1E44-4697-8A89-2698174F8CB3}.Release|Any CPU.ActiveCfg = Release|Any CPU
		{1999FF16-1E44-4697-8A89-2698174F8CB3}.Release|Any CPU.Build.0 = Release|Any CPU
		{1999FF16-1E44-4697-8A89-2698174F8CB3}.Release|x64.ActiveCfg = Release|Any CPU
		{1999FF16-1E44-4697-8A89-2698174F8CB3}.Release|x86.ActiveCfg = Release|Any CPU
		{709187C2-6B9D-4B9C-AF47-1C06486A1F8F}.Debug|Any CPU.ActiveCfg = Debug|Any CPU
		{709187C2-6B9D-4B9C-AF47-1C06486A1F8F}.Debug|Any CPU.Build.0 = Debug|Any CPU
		{709187C2-6B9D-4B9C-AF47-1C06486A1F8F}.Debug|x64.ActiveCfg = Debug|Any CPU
		{709187C2-6B9D-4B9C-AF47-1C06486A1F8F}.Debug|x64.Build.0 = Debug|Any CPU
		{709187C2-6B9D-4B9C-AF47-1C06486A1F8F}.Debug|x86.ActiveCfg = Debug|Any CPU
		{709187C2-6B9D-4B9C-AF47-1C06486A1F8F}.Debug|x86.Build.0 = Debug|Any CPU
		{709187C2-6B9D-4B9C-AF47-1C06486A1F8F}.Release|Any CPU.ActiveCfg = Release|Any CPU
		{709187C2-6B9D-4B9C-AF47-1C06486A1F8F}.Release|Any CPU.Build.0 = Release|Any CPU
		{709187C2-6B9D-4B9C-AF47-1C06486A1F8F}.Release|x64.ActiveCfg = Release|Any CPU
		{709187C2-6B9D-4B9C-AF47-1C06486A1F8F}.Release|x64.Build.0 = Release|Any CPU
		{709187C2-6B9D-4B9C-AF47-1C06486A1F8F}.Release|x86.ActiveCfg = Release|Any CPU
		{709187C2-6B9D-4B9C-AF47-1C06486A1F8F}.Release|x86.Build.0 = Release|Any CPU
		{577322DC-B117-435D-82BC-3B975D4FAEC0}.Debug|Any CPU.ActiveCfg = Debug|Any CPU
		{577322DC-B117-435D-82BC-3B975D4FAEC0}.Debug|Any CPU.Build.0 = Debug|Any CPU
		{577322DC-B117-435D-82BC-3B975D4FAEC0}.Debug|x64.ActiveCfg = Debug|Any CPU
		{577322DC-B117-435D-82BC-3B975D4FAEC0}.Debug|x64.Build.0 = Debug|Any CPU
		{577322DC-B117-435D-82BC-3B975D4FAEC0}.Debug|x86.ActiveCfg = Debug|Any CPU
		{577322DC-B117-435D-82BC-3B975D4FAEC0}.Debug|x86.Build.0 = Debug|Any CPU
		{577322DC-B117-435D-82BC-3B975D4FAEC0}.Release|Any CPU.ActiveCfg = Release|Any CPU
		{577322DC-B117-435D-82BC-3B975D4FAEC0}.Release|Any CPU.Build.0 = Release|Any CPU
		{577322DC-B117-435D-82BC-3B975D4FAEC0}.Release|x64.ActiveCfg = Release|Any CPU
		{577322DC-B117-435D-82BC-3B975D4FAEC0}.Release|x64.Build.0 = Release|Any CPU
		{577322DC-B117-435D-82BC-3B975D4FAEC0}.Release|x86.ActiveCfg = Release|Any CPU
		{577322DC-B117-435D-82BC-3B975D4FAEC0}.Release|x86.Build.0 = Release|Any CPU
		{DB5244BF-C004-4700-9DF1-CB18C49BB1A1}.Debug|Any CPU.ActiveCfg = Debug|Any CPU
		{DB5244BF-C004-4700-9DF1-CB18C49BB1A1}.Debug|Any CPU.Build.0 = Debug|Any CPU
		{DB5244BF-C004-4700-9DF1-CB18C49BB1A1}.Debug|x64.ActiveCfg = Debug|Any CPU
		{DB5244BF-C004-4700-9DF1-CB18C49BB1A1}.Debug|x64.Build.0 = Debug|Any CPU
		{DB5244BF-C004-4700-9DF1-CB18C49BB1A1}.Debug|x86.ActiveCfg = Debug|Any CPU
		{DB5244BF-C004-4700-9DF1-CB18C49BB1A1}.Debug|x86.Build.0 = Debug|Any CPU
		{DB5244BF-C004-4700-9DF1-CB18C49BB1A1}.Release|Any CPU.ActiveCfg = Release|Any CPU
		{DB5244BF-C004-4700-9DF1-CB18C49BB1A1}.Release|Any CPU.Build.0 = Release|Any CPU
		{DB5244BF-C004-4700-9DF1-CB18C49BB1A1}.Release|x64.ActiveCfg = Release|Any CPU
		{DB5244BF-C004-4700-9DF1-CB18C49BB1A1}.Release|x64.Build.0 = Release|Any CPU
		{DB5244BF-C004-4700-9DF1-CB18C49BB1A1}.Release|x86.ActiveCfg = Release|Any CPU
		{DB5244BF-C004-4700-9DF1-CB18C49BB1A1}.Release|x86.Build.0 = Release|Any CPU
		{FA563F61-67FE-4BD9-BB79-91CEF40F3427}.Debug|Any CPU.ActiveCfg = Debug|Win32
		{FA563F61-67FE-4BD9-BB79-91CEF40F3427}.Debug|x64.ActiveCfg = Debug|x64
		{FA563F61-67FE-4BD9-BB79-91CEF40F3427}.Debug|x64.Build.0 = Debug|x64
		{FA563F61-67FE-4BD9-BB79-91CEF40F3427}.Debug|x86.ActiveCfg = Debug|Win32
		{FA563F61-67FE-4BD9-BB79-91CEF40F3427}.Debug|x86.Build.0 = Debug|Win32
		{FA563F61-67FE-4BD9-BB79-91CEF40F3427}.Release|Any CPU.ActiveCfg = Release|Win32
		{FA563F61-67FE-4BD9-BB79-91CEF40F3427}.Release|x64.ActiveCfg = Release|x64
		{FA563F61-67FE-4BD9-BB79-91CEF40F3427}.Release|x64.Build.0 = Release|x64
		{FA563F61-67FE-4BD9-BB79-91CEF40F3427}.Release|x86.ActiveCfg = Release|Win32
		{FA563F61-67FE-4BD9-BB79-91CEF40F3427}.Release|x86.Build.0 = Release|Win32
		{4FCA47B6-E682-4306-8599-2F2A0312A347}.Debug|Any CPU.ActiveCfg = Debug|Any CPU
		{4FCA47B6-E682-4306-8599-2F2A0312A347}.Debug|Any CPU.Build.0 = Debug|Any CPU
		{4FCA47B6-E682-4306-8599-2F2A0312A347}.Debug|x64.ActiveCfg = Debug|Any CPU
		{4FCA47B6-E682-4306-8599-2F2A0312A347}.Debug|x64.Build.0 = Debug|Any CPU
		{4FCA47B6-E682-4306-8599-2F2A0312A347}.Debug|x86.ActiveCfg = Debug|Any CPU
		{4FCA47B6-E682-4306-8599-2F2A0312A347}.Debug|x86.Build.0 = Debug|Any CPU
		{4FCA47B6-E682-4306-8599-2F2A0312A347}.Release|Any CPU.ActiveCfg = Release|Any CPU
		{4FCA47B6-E682-4306-8599-2F2A0312A347}.Release|Any CPU.Build.0 = Release|Any CPU
		{4FCA47B6-E682-4306-8599-2F2A0312A347}.Release|x64.ActiveCfg = Release|Any CPU
		{4FCA47B6-E682-4306-8599-2F2A0312A347}.Release|x64.Build.0 = Release|Any CPU
		{4FCA47B6-E682-4306-8599-2F2A0312A347}.Release|x86.ActiveCfg = Release|Any CPU
		{4FCA47B6-E682-4306-8599-2F2A0312A347}.Release|x86.Build.0 = Release|Any CPU
		{B9EB603B-90F5-4346-8B11-FE5B6FBD10F4}.Debug|Any CPU.ActiveCfg = Debug|Any CPU
		{B9EB603B-90F5-4346-8B11-FE5B6FBD10F4}.Debug|Any CPU.Build.0 = Debug|Any CPU
		{B9EB603B-90F5-4346-8B11-FE5B6FBD10F4}.Debug|x64.ActiveCfg = Debug|Any CPU
		{B9EB603B-90F5-4346-8B11-FE5B6FBD10F4}.Debug|x64.Build.0 = Debug|Any CPU
		{B9EB603B-90F5-4346-8B11-FE5B6FBD10F4}.Debug|x86.ActiveCfg = Debug|Any CPU
		{B9EB603B-90F5-4346-8B11-FE5B6FBD10F4}.Debug|x86.Build.0 = Debug|Any CPU
		{B9EB603B-90F5-4346-8B11-FE5B6FBD10F4}.Release|Any CPU.ActiveCfg = Release|Any CPU
		{B9EB603B-90F5-4346-8B11-FE5B6FBD10F4}.Release|Any CPU.Build.0 = Release|Any CPU
		{B9EB603B-90F5-4346-8B11-FE5B6FBD10F4}.Release|x64.ActiveCfg = Release|Any CPU
		{B9EB603B-90F5-4346-8B11-FE5B6FBD10F4}.Release|x64.Build.0 = Release|Any CPU
		{B9EB603B-90F5-4346-8B11-FE5B6FBD10F4}.Release|x86.ActiveCfg = Release|Any CPU
		{B9EB603B-90F5-4346-8B11-FE5B6FBD10F4}.Release|x86.Build.0 = Release|Any CPU
		{1DE9973C-1556-48F2-B6FA-E7961814B0F4}.Debug|Any CPU.ActiveCfg = Debug|Any CPU
		{1DE9973C-1556-48F2-B6FA-E7961814B0F4}.Debug|Any CPU.Build.0 = Debug|Any CPU
		{1DE9973C-1556-48F2-B6FA-E7961814B0F4}.Debug|x64.ActiveCfg = Debug|Any CPU
		{1DE9973C-1556-48F2-B6FA-E7961814B0F4}.Debug|x64.Build.0 = Debug|Any CPU
		{1DE9973C-1556-48F2-B6FA-E7961814B0F4}.Debug|x86.ActiveCfg = Debug|Any CPU
		{1DE9973C-1556-48F2-B6FA-E7961814B0F4}.Debug|x86.Build.0 = Debug|Any CPU
		{1DE9973C-1556-48F2-B6FA-E7961814B0F4}.Release|Any CPU.ActiveCfg = Release|Any CPU
		{1DE9973C-1556-48F2-B6FA-E7961814B0F4}.Release|Any CPU.Build.0 = Release|Any CPU
		{1DE9973C-1556-48F2-B6FA-E7961814B0F4}.Release|x64.ActiveCfg = Release|Any CPU
		{1DE9973C-1556-48F2-B6FA-E7961814B0F4}.Release|x64.Build.0 = Release|Any CPU
		{1DE9973C-1556-48F2-B6FA-E7961814B0F4}.Release|x86.ActiveCfg = Release|Any CPU
		{1DE9973C-1556-48F2-B6FA-E7961814B0F4}.Release|x86.Build.0 = Release|Any CPU
		{A48BBB6E-2834-43CE-89D2-49D04F692BAD}.Debug|Any CPU.ActiveCfg = Debug|Any CPU
		{A48BBB6E-2834-43CE-89D2-49D04F692BAD}.Debug|Any CPU.Build.0 = Debug|Any CPU
		{A48BBB6E-2834-43CE-89D2-49D04F692BAD}.Debug|x64.ActiveCfg = Debug|Any CPU
		{A48BBB6E-2834-43CE-89D2-49D04F692BAD}.Debug|x64.Build.0 = Debug|Any CPU
		{A48BBB6E-2834-43CE-89D2-49D04F692BAD}.Debug|x86.ActiveCfg = Debug|Any CPU
		{A48BBB6E-2834-43CE-89D2-49D04F692BAD}.Debug|x86.Build.0 = Debug|Any CPU
		{A48BBB6E-2834-43CE-89D2-49D04F692BAD}.Release|Any CPU.ActiveCfg = Release|Any CPU
		{A48BBB6E-2834-43CE-89D2-49D04F692BAD}.Release|Any CPU.Build.0 = Release|Any CPU
		{A48BBB6E-2834-43CE-89D2-49D04F692BAD}.Release|x64.ActiveCfg = Release|Any CPU
		{A48BBB6E-2834-43CE-89D2-49D04F692BAD}.Release|x64.Build.0 = Release|Any CPU
		{A48BBB6E-2834-43CE-89D2-49D04F692BAD}.Release|x86.ActiveCfg = Release|Any CPU
		{A48BBB6E-2834-43CE-89D2-49D04F692BAD}.Release|x86.Build.0 = Release|Any CPU
		{87D2C1CD-EF58-4FEA-AE70-A995154AED8E}.Debug|Any CPU.ActiveCfg = Debug|Any CPU
		{87D2C1CD-EF58-4FEA-AE70-A995154AED8E}.Debug|Any CPU.Build.0 = Debug|Any CPU
		{87D2C1CD-EF58-4FEA-AE70-A995154AED8E}.Debug|x64.ActiveCfg = Debug|Any CPU
		{87D2C1CD-EF58-4FEA-AE70-A995154AED8E}.Debug|x64.Build.0 = Debug|Any CPU
		{87D2C1CD-EF58-4FEA-AE70-A995154AED8E}.Debug|x86.ActiveCfg = Debug|Any CPU
		{87D2C1CD-EF58-4FEA-AE70-A995154AED8E}.Debug|x86.Build.0 = Debug|Any CPU
		{87D2C1CD-EF58-4FEA-AE70-A995154AED8E}.Release|Any CPU.ActiveCfg = Release|Any CPU
		{87D2C1CD-EF58-4FEA-AE70-A995154AED8E}.Release|Any CPU.Build.0 = Release|Any CPU
		{87D2C1CD-EF58-4FEA-AE70-A995154AED8E}.Release|x64.ActiveCfg = Release|Any CPU
		{87D2C1CD-EF58-4FEA-AE70-A995154AED8E}.Release|x64.Build.0 = Release|Any CPU
		{87D2C1CD-EF58-4FEA-AE70-A995154AED8E}.Release|x86.ActiveCfg = Release|Any CPU
		{87D2C1CD-EF58-4FEA-AE70-A995154AED8E}.Release|x86.Build.0 = Release|Any CPU
		{91408D64-E18B-4136-84BF-C1D76B25BC28}.Debug|Any CPU.ActiveCfg = Debug|Any CPU
		{91408D64-E18B-4136-84BF-C1D76B25BC28}.Debug|Any CPU.Build.0 = Debug|Any CPU
		{91408D64-E18B-4136-84BF-C1D76B25BC28}.Debug|x64.ActiveCfg = Debug|Any CPU
		{91408D64-E18B-4136-84BF-C1D76B25BC28}.Debug|x64.Build.0 = Debug|Any CPU
		{91408D64-E18B-4136-84BF-C1D76B25BC28}.Debug|x86.ActiveCfg = Debug|Any CPU
		{91408D64-E18B-4136-84BF-C1D76B25BC28}.Debug|x86.Build.0 = Debug|Any CPU
		{91408D64-E18B-4136-84BF-C1D76B25BC28}.Release|Any CPU.ActiveCfg = Release|Any CPU
		{91408D64-E18B-4136-84BF-C1D76B25BC28}.Release|Any CPU.Build.0 = Release|Any CPU
		{91408D64-E18B-4136-84BF-C1D76B25BC28}.Release|x64.ActiveCfg = Release|Any CPU
		{91408D64-E18B-4136-84BF-C1D76B25BC28}.Release|x64.Build.0 = Release|Any CPU
		{91408D64-E18B-4136-84BF-C1D76B25BC28}.Release|x86.ActiveCfg = Release|Any CPU
		{91408D64-E18B-4136-84BF-C1D76B25BC28}.Release|x86.Build.0 = Release|Any CPU
		{F64985CD-0FFC-4D3C-A12E-209BCFEA6BBE}.Debug|Any CPU.ActiveCfg = Debug|Any CPU
		{F64985CD-0FFC-4D3C-A12E-209BCFEA6BBE}.Debug|Any CPU.Build.0 = Debug|Any CPU
		{F64985CD-0FFC-4D3C-A12E-209BCFEA6BBE}.Debug|x64.ActiveCfg = Debug|Any CPU
		{F64985CD-0FFC-4D3C-A12E-209BCFEA6BBE}.Debug|x64.Build.0 = Debug|Any CPU
		{F64985CD-0FFC-4D3C-A12E-209BCFEA6BBE}.Debug|x86.ActiveCfg = Debug|Any CPU
		{F64985CD-0FFC-4D3C-A12E-209BCFEA6BBE}.Debug|x86.Build.0 = Debug|Any CPU
		{F64985CD-0FFC-4D3C-A12E-209BCFEA6BBE}.Release|Any CPU.ActiveCfg = Release|Any CPU
		{F64985CD-0FFC-4D3C-A12E-209BCFEA6BBE}.Release|Any CPU.Build.0 = Release|Any CPU
		{F64985CD-0FFC-4D3C-A12E-209BCFEA6BBE}.Release|x64.ActiveCfg = Release|Any CPU
		{F64985CD-0FFC-4D3C-A12E-209BCFEA6BBE}.Release|x64.Build.0 = Release|Any CPU
		{F64985CD-0FFC-4D3C-A12E-209BCFEA6BBE}.Release|x86.ActiveCfg = Release|Any CPU
		{F64985CD-0FFC-4D3C-A12E-209BCFEA6BBE}.Release|x86.Build.0 = Release|Any CPU
		{6C56B6C9-B46F-48BE-A717-A9B8ED01F290}.Debug|Any CPU.ActiveCfg = Debug|Any CPU
		{6C56B6C9-B46F-48BE-A717-A9B8ED01F290}.Debug|Any CPU.Build.0 = Debug|Any CPU
		{6C56B6C9-B46F-48BE-A717-A9B8ED01F290}.Debug|x64.ActiveCfg = Debug|Any CPU
		{6C56B6C9-B46F-48BE-A717-A9B8ED01F290}.Debug|x64.Build.0 = Debug|Any CPU
		{6C56B6C9-B46F-48BE-A717-A9B8ED01F290}.Debug|x86.ActiveCfg = Debug|Any CPU
		{6C56B6C9-B46F-48BE-A717-A9B8ED01F290}.Debug|x86.Build.0 = Debug|Any CPU
		{6C56B6C9-B46F-48BE-A717-A9B8ED01F290}.Release|Any CPU.ActiveCfg = Release|Any CPU
		{6C56B6C9-B46F-48BE-A717-A9B8ED01F290}.Release|Any CPU.Build.0 = Release|Any CPU
		{6C56B6C9-B46F-48BE-A717-A9B8ED01F290}.Release|x64.ActiveCfg = Release|Any CPU
		{6C56B6C9-B46F-48BE-A717-A9B8ED01F290}.Release|x64.Build.0 = Release|Any CPU
		{6C56B6C9-B46F-48BE-A717-A9B8ED01F290}.Release|x86.ActiveCfg = Release|Any CPU
		{6C56B6C9-B46F-48BE-A717-A9B8ED01F290}.Release|x86.Build.0 = Release|Any CPU
		{D01C46F5-7FDE-4E13-A162-E486C553DF69}.Debug|Any CPU.ActiveCfg = Debug|Any CPU
		{D01C46F5-7FDE-4E13-A162-E486C553DF69}.Debug|Any CPU.Build.0 = Debug|Any CPU
		{D01C46F5-7FDE-4E13-A162-E486C553DF69}.Debug|x64.ActiveCfg = Debug|Any CPU
		{D01C46F5-7FDE-4E13-A162-E486C553DF69}.Debug|x64.Build.0 = Debug|Any CPU
		{D01C46F5-7FDE-4E13-A162-E486C553DF69}.Debug|x86.ActiveCfg = Debug|Any CPU
		{D01C46F5-7FDE-4E13-A162-E486C553DF69}.Debug|x86.Build.0 = Debug|Any CPU
		{D01C46F5-7FDE-4E13-A162-E486C553DF69}.Release|Any CPU.ActiveCfg = Release|Any CPU
		{D01C46F5-7FDE-4E13-A162-E486C553DF69}.Release|Any CPU.Build.0 = Release|Any CPU
		{D01C46F5-7FDE-4E13-A162-E486C553DF69}.Release|x64.ActiveCfg = Release|Any CPU
		{D01C46F5-7FDE-4E13-A162-E486C553DF69}.Release|x64.Build.0 = Release|Any CPU
		{D01C46F5-7FDE-4E13-A162-E486C553DF69}.Release|x86.ActiveCfg = Release|Any CPU
		{D01C46F5-7FDE-4E13-A162-E486C553DF69}.Release|x86.Build.0 = Release|Any CPU
		{53516E51-FC19-404C-98B0-4E282F0E340F}.Debug|Any CPU.ActiveCfg = Debug|Any CPU
		{53516E51-FC19-404C-98B0-4E282F0E340F}.Debug|Any CPU.Build.0 = Debug|Any CPU
		{53516E51-FC19-404C-98B0-4E282F0E340F}.Debug|x64.ActiveCfg = Debug|Any CPU
		{53516E51-FC19-404C-98B0-4E282F0E340F}.Debug|x64.Build.0 = Debug|Any CPU
		{53516E51-FC19-404C-98B0-4E282F0E340F}.Debug|x86.ActiveCfg = Debug|Any CPU
		{53516E51-FC19-404C-98B0-4E282F0E340F}.Debug|x86.Build.0 = Debug|Any CPU
		{53516E51-FC19-404C-98B0-4E282F0E340F}.Release|Any CPU.ActiveCfg = Release|Any CPU
		{53516E51-FC19-404C-98B0-4E282F0E340F}.Release|Any CPU.Build.0 = Release|Any CPU
		{53516E51-FC19-404C-98B0-4E282F0E340F}.Release|x64.ActiveCfg = Release|Any CPU
		{53516E51-FC19-404C-98B0-4E282F0E340F}.Release|x64.Build.0 = Release|Any CPU
		{53516E51-FC19-404C-98B0-4E282F0E340F}.Release|x86.ActiveCfg = Release|Any CPU
		{53516E51-FC19-404C-98B0-4E282F0E340F}.Release|x86.Build.0 = Release|Any CPU
		{CB0EEA63-20E8-40B6-A431-B880AA72B662}.Debug|Any CPU.ActiveCfg = Debug|Any CPU
		{CB0EEA63-20E8-40B6-A431-B880AA72B662}.Debug|Any CPU.Build.0 = Debug|Any CPU
		{CB0EEA63-20E8-40B6-A431-B880AA72B662}.Debug|x64.ActiveCfg = Debug|Any CPU
		{CB0EEA63-20E8-40B6-A431-B880AA72B662}.Debug|x64.Build.0 = Debug|Any CPU
		{CB0EEA63-20E8-40B6-A431-B880AA72B662}.Debug|x86.ActiveCfg = Debug|Any CPU
		{CB0EEA63-20E8-40B6-A431-B880AA72B662}.Debug|x86.Build.0 = Debug|Any CPU
		{CB0EEA63-20E8-40B6-A431-B880AA72B662}.Release|Any CPU.ActiveCfg = Release|Any CPU
		{CB0EEA63-20E8-40B6-A431-B880AA72B662}.Release|Any CPU.Build.0 = Release|Any CPU
		{CB0EEA63-20E8-40B6-A431-B880AA72B662}.Release|x64.ActiveCfg = Release|Any CPU
		{CB0EEA63-20E8-40B6-A431-B880AA72B662}.Release|x64.Build.0 = Release|Any CPU
		{CB0EEA63-20E8-40B6-A431-B880AA72B662}.Release|x86.ActiveCfg = Release|Any CPU
		{CB0EEA63-20E8-40B6-A431-B880AA72B662}.Release|x86.Build.0 = Release|Any CPU
		{AE31F668-8519-4E18-B668-0020F70BECEA}.Debug|Any CPU.ActiveCfg = Debug|Any CPU
		{AE31F668-8519-4E18-B668-0020F70BECEA}.Debug|Any CPU.Build.0 = Debug|Any CPU
		{AE31F668-8519-4E18-B668-0020F70BECEA}.Debug|x64.ActiveCfg = Debug|Any CPU
		{AE31F668-8519-4E18-B668-0020F70BECEA}.Debug|x64.Build.0 = Debug|Any CPU
		{AE31F668-8519-4E18-B668-0020F70BECEA}.Debug|x86.ActiveCfg = Debug|Any CPU
		{AE31F668-8519-4E18-B668-0020F70BECEA}.Debug|x86.Build.0 = Debug|Any CPU
		{AE31F668-8519-4E18-B668-0020F70BECEA}.Release|Any CPU.ActiveCfg = Release|Any CPU
		{AE31F668-8519-4E18-B668-0020F70BECEA}.Release|Any CPU.Build.0 = Release|Any CPU
		{AE31F668-8519-4E18-B668-0020F70BECEA}.Release|x64.ActiveCfg = Release|Any CPU
		{AE31F668-8519-4E18-B668-0020F70BECEA}.Release|x64.Build.0 = Release|Any CPU
		{AE31F668-8519-4E18-B668-0020F70BECEA}.Release|x86.ActiveCfg = Release|Any CPU
		{AE31F668-8519-4E18-B668-0020F70BECEA}.Release|x86.Build.0 = Release|Any CPU
		{1A33BAF1-6B64-4510-9CDA-FD085CA41D88}.Debug|Any CPU.ActiveCfg = Debug|Any CPU
		{1A33BAF1-6B64-4510-9CDA-FD085CA41D88}.Debug|Any CPU.Build.0 = Debug|Any CPU
		{1A33BAF1-6B64-4510-9CDA-FD085CA41D88}.Debug|x64.ActiveCfg = Debug|Any CPU
		{1A33BAF1-6B64-4510-9CDA-FD085CA41D88}.Debug|x64.Build.0 = Debug|Any CPU
		{1A33BAF1-6B64-4510-9CDA-FD085CA41D88}.Debug|x86.ActiveCfg = Debug|Any CPU
		{1A33BAF1-6B64-4510-9CDA-FD085CA41D88}.Debug|x86.Build.0 = Debug|Any CPU
		{1A33BAF1-6B64-4510-9CDA-FD085CA41D88}.Release|Any CPU.ActiveCfg = Release|Any CPU
		{1A33BAF1-6B64-4510-9CDA-FD085CA41D88}.Release|Any CPU.Build.0 = Release|Any CPU
		{1A33BAF1-6B64-4510-9CDA-FD085CA41D88}.Release|x64.ActiveCfg = Release|Any CPU
		{1A33BAF1-6B64-4510-9CDA-FD085CA41D88}.Release|x64.Build.0 = Release|Any CPU
		{1A33BAF1-6B64-4510-9CDA-FD085CA41D88}.Release|x86.ActiveCfg = Release|Any CPU
		{1A33BAF1-6B64-4510-9CDA-FD085CA41D88}.Release|x86.Build.0 = Release|Any CPU
		{98910C70-DD5E-4B8D-87FD-C6FFD00D5E69}.Debug|Any CPU.ActiveCfg = Debug|Any CPU
		{98910C70-DD5E-4B8D-87FD-C6FFD00D5E69}.Debug|Any CPU.Build.0 = Debug|Any CPU
		{98910C70-DD5E-4B8D-87FD-C6FFD00D5E69}.Debug|x64.ActiveCfg = Debug|Any CPU
		{98910C70-DD5E-4B8D-87FD-C6FFD00D5E69}.Debug|x64.Build.0 = Debug|Any CPU
		{98910C70-DD5E-4B8D-87FD-C6FFD00D5E69}.Debug|x86.ActiveCfg = Debug|Any CPU
		{98910C70-DD5E-4B8D-87FD-C6FFD00D5E69}.Debug|x86.Build.0 = Debug|Any CPU
		{98910C70-DD5E-4B8D-87FD-C6FFD00D5E69}.Release|Any CPU.ActiveCfg = Release|Any CPU
		{98910C70-DD5E-4B8D-87FD-C6FFD00D5E69}.Release|Any CPU.Build.0 = Release|Any CPU
		{98910C70-DD5E-4B8D-87FD-C6FFD00D5E69}.Release|x64.ActiveCfg = Release|Any CPU
		{98910C70-DD5E-4B8D-87FD-C6FFD00D5E69}.Release|x64.Build.0 = Release|Any CPU
		{98910C70-DD5E-4B8D-87FD-C6FFD00D5E69}.Release|x86.ActiveCfg = Release|Any CPU
		{98910C70-DD5E-4B8D-87FD-C6FFD00D5E69}.Release|x86.Build.0 = Release|Any CPU
		{48EA62A3-D4F3-495D-AD48-A6BF33485707}.Debug|Any CPU.ActiveCfg = Debug|Any CPU
		{48EA62A3-D4F3-495D-AD48-A6BF33485707}.Debug|Any CPU.Build.0 = Debug|Any CPU
		{48EA62A3-D4F3-495D-AD48-A6BF33485707}.Debug|x64.ActiveCfg = Debug|Any CPU
		{48EA62A3-D4F3-495D-AD48-A6BF33485707}.Debug|x64.Build.0 = Debug|Any CPU
		{48EA62A3-D4F3-495D-AD48-A6BF33485707}.Debug|x86.ActiveCfg = Debug|Any CPU
		{48EA62A3-D4F3-495D-AD48-A6BF33485707}.Debug|x86.Build.0 = Debug|Any CPU
		{48EA62A3-D4F3-495D-AD48-A6BF33485707}.Release|Any CPU.ActiveCfg = Release|Any CPU
		{48EA62A3-D4F3-495D-AD48-A6BF33485707}.Release|Any CPU.Build.0 = Release|Any CPU
		{48EA62A3-D4F3-495D-AD48-A6BF33485707}.Release|x64.ActiveCfg = Release|Any CPU
		{48EA62A3-D4F3-495D-AD48-A6BF33485707}.Release|x64.Build.0 = Release|Any CPU
		{48EA62A3-D4F3-495D-AD48-A6BF33485707}.Release|x86.ActiveCfg = Release|Any CPU
		{48EA62A3-D4F3-495D-AD48-A6BF33485707}.Release|x86.Build.0 = Release|Any CPU
		{596639F0-C82E-4111-81B3-833BEDD12FE1}.Debug|Any CPU.ActiveCfg = Debug|Any CPU
		{596639F0-C82E-4111-81B3-833BEDD12FE1}.Debug|Any CPU.Build.0 = Debug|Any CPU
		{596639F0-C82E-4111-81B3-833BEDD12FE1}.Debug|x64.ActiveCfg = Debug|Any CPU
		{596639F0-C82E-4111-81B3-833BEDD12FE1}.Debug|x64.Build.0 = Debug|Any CPU
		{596639F0-C82E-4111-81B3-833BEDD12FE1}.Debug|x86.ActiveCfg = Debug|Any CPU
		{596639F0-C82E-4111-81B3-833BEDD12FE1}.Debug|x86.Build.0 = Debug|Any CPU
		{596639F0-C82E-4111-81B3-833BEDD12FE1}.Release|Any CPU.ActiveCfg = Release|Any CPU
		{596639F0-C82E-4111-81B3-833BEDD12FE1}.Release|Any CPU.Build.0 = Release|Any CPU
		{596639F0-C82E-4111-81B3-833BEDD12FE1}.Release|x64.ActiveCfg = Release|Any CPU
		{596639F0-C82E-4111-81B3-833BEDD12FE1}.Release|x64.Build.0 = Release|Any CPU
		{596639F0-C82E-4111-81B3-833BEDD12FE1}.Release|x86.ActiveCfg = Release|Any CPU
		{596639F0-C82E-4111-81B3-833BEDD12FE1}.Release|x86.Build.0 = Release|Any CPU
		{8937CF84-CD7E-417E-933C-634D720F046B}.Debug|Any CPU.ActiveCfg = Debug|Any CPU
		{8937CF84-CD7E-417E-933C-634D720F046B}.Debug|Any CPU.Build.0 = Debug|Any CPU
		{8937CF84-CD7E-417E-933C-634D720F046B}.Debug|x64.ActiveCfg = Debug|Any CPU
		{8937CF84-CD7E-417E-933C-634D720F046B}.Debug|x64.Build.0 = Debug|Any CPU
		{8937CF84-CD7E-417E-933C-634D720F046B}.Debug|x86.ActiveCfg = Debug|Any CPU
		{8937CF84-CD7E-417E-933C-634D720F046B}.Debug|x86.Build.0 = Debug|Any CPU
		{8937CF84-CD7E-417E-933C-634D720F046B}.Release|Any CPU.ActiveCfg = Release|Any CPU
		{8937CF84-CD7E-417E-933C-634D720F046B}.Release|Any CPU.Build.0 = Release|Any CPU
		{8937CF84-CD7E-417E-933C-634D720F046B}.Release|x64.ActiveCfg = Release|Any CPU
		{8937CF84-CD7E-417E-933C-634D720F046B}.Release|x64.Build.0 = Release|Any CPU
		{8937CF84-CD7E-417E-933C-634D720F046B}.Release|x86.ActiveCfg = Release|Any CPU
		{8937CF84-CD7E-417E-933C-634D720F046B}.Release|x86.Build.0 = Release|Any CPU
		{4E57005A-FACA-4ABB-9947-28DB29D92629}.Debug|Any CPU.ActiveCfg = Debug|Any CPU
		{4E57005A-FACA-4ABB-9947-28DB29D92629}.Debug|Any CPU.Build.0 = Debug|Any CPU
		{4E57005A-FACA-4ABB-9947-28DB29D92629}.Debug|x64.ActiveCfg = Debug|Any CPU
		{4E57005A-FACA-4ABB-9947-28DB29D92629}.Debug|x64.Build.0 = Debug|Any CPU
		{4E57005A-FACA-4ABB-9947-28DB29D92629}.Debug|x86.ActiveCfg = Debug|Any CPU
		{4E57005A-FACA-4ABB-9947-28DB29D92629}.Debug|x86.Build.0 = Debug|Any CPU
		{4E57005A-FACA-4ABB-9947-28DB29D92629}.Release|Any CPU.ActiveCfg = Release|Any CPU
		{4E57005A-FACA-4ABB-9947-28DB29D92629}.Release|Any CPU.Build.0 = Release|Any CPU
		{4E57005A-FACA-4ABB-9947-28DB29D92629}.Release|x64.ActiveCfg = Release|Any CPU
		{4E57005A-FACA-4ABB-9947-28DB29D92629}.Release|x64.Build.0 = Release|Any CPU
		{4E57005A-FACA-4ABB-9947-28DB29D92629}.Release|x86.ActiveCfg = Release|Any CPU
		{4E57005A-FACA-4ABB-9947-28DB29D92629}.Release|x86.Build.0 = Release|Any CPU
		{8B85A1CF-3B72-43C7-822A-9DA05867C971}.Debug|Any CPU.ActiveCfg = Debug|Any CPU
		{8B85A1CF-3B72-43C7-822A-9DA05867C971}.Debug|Any CPU.Build.0 = Debug|Any CPU
		{8B85A1CF-3B72-43C7-822A-9DA05867C971}.Debug|x64.ActiveCfg = Debug|Any CPU
		{8B85A1CF-3B72-43C7-822A-9DA05867C971}.Debug|x64.Build.0 = Debug|Any CPU
		{8B85A1CF-3B72-43C7-822A-9DA05867C971}.Debug|x86.ActiveCfg = Debug|Any CPU
		{8B85A1CF-3B72-43C7-822A-9DA05867C971}.Debug|x86.Build.0 = Debug|Any CPU
		{8B85A1CF-3B72-43C7-822A-9DA05867C971}.Release|Any CPU.ActiveCfg = Release|Any CPU
		{8B85A1CF-3B72-43C7-822A-9DA05867C971}.Release|Any CPU.Build.0 = Release|Any CPU
		{8B85A1CF-3B72-43C7-822A-9DA05867C971}.Release|x64.ActiveCfg = Release|Any CPU
		{8B85A1CF-3B72-43C7-822A-9DA05867C971}.Release|x64.Build.0 = Release|Any CPU
		{8B85A1CF-3B72-43C7-822A-9DA05867C971}.Release|x86.ActiveCfg = Release|Any CPU
		{8B85A1CF-3B72-43C7-822A-9DA05867C971}.Release|x86.Build.0 = Release|Any CPU
		{8F658986-07C5-4004-8875-0EB66B64F1D3}.Debug|Any CPU.ActiveCfg = Debug|Any CPU
		{8F658986-07C5-4004-8875-0EB66B64F1D3}.Debug|Any CPU.Build.0 = Debug|Any CPU
		{8F658986-07C5-4004-8875-0EB66B64F1D3}.Debug|x64.ActiveCfg = Debug|Any CPU
		{8F658986-07C5-4004-8875-0EB66B64F1D3}.Debug|x64.Build.0 = Debug|Any CPU
		{8F658986-07C5-4004-8875-0EB66B64F1D3}.Debug|x86.ActiveCfg = Debug|Any CPU
		{8F658986-07C5-4004-8875-0EB66B64F1D3}.Debug|x86.Build.0 = Debug|Any CPU
		{8F658986-07C5-4004-8875-0EB66B64F1D3}.Release|Any CPU.ActiveCfg = Release|Any CPU
		{8F658986-07C5-4004-8875-0EB66B64F1D3}.Release|Any CPU.Build.0 = Release|Any CPU
		{8F658986-07C5-4004-8875-0EB66B64F1D3}.Release|x64.ActiveCfg = Release|Any CPU
		{8F658986-07C5-4004-8875-0EB66B64F1D3}.Release|x64.Build.0 = Release|Any CPU
		{8F658986-07C5-4004-8875-0EB66B64F1D3}.Release|x86.ActiveCfg = Release|Any CPU
		{8F658986-07C5-4004-8875-0EB66B64F1D3}.Release|x86.Build.0 = Release|Any CPU
		{D1CF0601-7EEF-40E9-A0EC-139BC4802C60}.Debug|Any CPU.ActiveCfg = Debug|Any CPU
		{D1CF0601-7EEF-40E9-A0EC-139BC4802C60}.Debug|Any CPU.Build.0 = Debug|Any CPU
		{D1CF0601-7EEF-40E9-A0EC-139BC4802C60}.Debug|x64.ActiveCfg = Debug|Any CPU
		{D1CF0601-7EEF-40E9-A0EC-139BC4802C60}.Debug|x64.Build.0 = Debug|Any CPU
		{D1CF0601-7EEF-40E9-A0EC-139BC4802C60}.Debug|x86.ActiveCfg = Debug|Any CPU
		{D1CF0601-7EEF-40E9-A0EC-139BC4802C60}.Debug|x86.Build.0 = Debug|Any CPU
		{D1CF0601-7EEF-40E9-A0EC-139BC4802C60}.Release|Any CPU.ActiveCfg = Release|Any CPU
		{D1CF0601-7EEF-40E9-A0EC-139BC4802C60}.Release|Any CPU.Build.0 = Release|Any CPU
		{D1CF0601-7EEF-40E9-A0EC-139BC4802C60}.Release|x64.ActiveCfg = Release|Any CPU
		{D1CF0601-7EEF-40E9-A0EC-139BC4802C60}.Release|x64.Build.0 = Release|Any CPU
		{D1CF0601-7EEF-40E9-A0EC-139BC4802C60}.Release|x86.ActiveCfg = Release|Any CPU
		{D1CF0601-7EEF-40E9-A0EC-139BC4802C60}.Release|x86.Build.0 = Release|Any CPU
		{F3B00325-558D-44AC-ACF0-F814F9F5E2AF}.Debug|Any CPU.ActiveCfg = Debug|Any CPU
		{F3B00325-558D-44AC-ACF0-F814F9F5E2AF}.Debug|Any CPU.Build.0 = Debug|Any CPU
		{F3B00325-558D-44AC-ACF0-F814F9F5E2AF}.Debug|x64.ActiveCfg = Debug|Any CPU
		{F3B00325-558D-44AC-ACF0-F814F9F5E2AF}.Debug|x64.Build.0 = Debug|Any CPU
		{F3B00325-558D-44AC-ACF0-F814F9F5E2AF}.Debug|x86.ActiveCfg = Debug|Any CPU
		{F3B00325-558D-44AC-ACF0-F814F9F5E2AF}.Debug|x86.Build.0 = Debug|Any CPU
		{F3B00325-558D-44AC-ACF0-F814F9F5E2AF}.Release|Any CPU.ActiveCfg = Release|Any CPU
		{F3B00325-558D-44AC-ACF0-F814F9F5E2AF}.Release|Any CPU.Build.0 = Release|Any CPU
		{F3B00325-558D-44AC-ACF0-F814F9F5E2AF}.Release|x64.ActiveCfg = Release|Any CPU
		{F3B00325-558D-44AC-ACF0-F814F9F5E2AF}.Release|x64.Build.0 = Release|Any CPU
		{F3B00325-558D-44AC-ACF0-F814F9F5E2AF}.Release|x86.ActiveCfg = Release|Any CPU
		{F3B00325-558D-44AC-ACF0-F814F9F5E2AF}.Release|x86.Build.0 = Release|Any CPU
		{DF946017-A0C4-450E-A17D-201FF8789E9D}.Debug|Any CPU.ActiveCfg = Debug|Any CPU
		{DF946017-A0C4-450E-A17D-201FF8789E9D}.Debug|Any CPU.Build.0 = Debug|Any CPU
		{DF946017-A0C4-450E-A17D-201FF8789E9D}.Debug|x64.ActiveCfg = Debug|Any CPU
		{DF946017-A0C4-450E-A17D-201FF8789E9D}.Debug|x64.Build.0 = Debug|Any CPU
		{DF946017-A0C4-450E-A17D-201FF8789E9D}.Debug|x86.ActiveCfg = Debug|Any CPU
		{DF946017-A0C4-450E-A17D-201FF8789E9D}.Debug|x86.Build.0 = Debug|Any CPU
		{DF946017-A0C4-450E-A17D-201FF8789E9D}.Release|Any CPU.ActiveCfg = Release|Any CPU
		{DF946017-A0C4-450E-A17D-201FF8789E9D}.Release|Any CPU.Build.0 = Release|Any CPU
		{DF946017-A0C4-450E-A17D-201FF8789E9D}.Release|x64.ActiveCfg = Release|Any CPU
		{DF946017-A0C4-450E-A17D-201FF8789E9D}.Release|x64.Build.0 = Release|Any CPU
		{DF946017-A0C4-450E-A17D-201FF8789E9D}.Release|x86.ActiveCfg = Release|Any CPU
		{DF946017-A0C4-450E-A17D-201FF8789E9D}.Release|x86.Build.0 = Release|Any CPU
		{F924BBBA-C6D1-44DD-B835-BDF1FDD83EEF}.Debug|Any CPU.ActiveCfg = Debug|Any CPU
		{F924BBBA-C6D1-44DD-B835-BDF1FDD83EEF}.Debug|Any CPU.Build.0 = Debug|Any CPU
		{F924BBBA-C6D1-44DD-B835-BDF1FDD83EEF}.Debug|x64.ActiveCfg = Debug|Any CPU
		{F924BBBA-C6D1-44DD-B835-BDF1FDD83EEF}.Debug|x64.Build.0 = Debug|Any CPU
		{F924BBBA-C6D1-44DD-B835-BDF1FDD83EEF}.Debug|x86.ActiveCfg = Debug|Any CPU
		{F924BBBA-C6D1-44DD-B835-BDF1FDD83EEF}.Debug|x86.Build.0 = Debug|Any CPU
		{F924BBBA-C6D1-44DD-B835-BDF1FDD83EEF}.Release|Any CPU.ActiveCfg = Release|Any CPU
		{F924BBBA-C6D1-44DD-B835-BDF1FDD83EEF}.Release|Any CPU.Build.0 = Release|Any CPU
		{F924BBBA-C6D1-44DD-B835-BDF1FDD83EEF}.Release|x64.ActiveCfg = Release|Any CPU
		{F924BBBA-C6D1-44DD-B835-BDF1FDD83EEF}.Release|x64.Build.0 = Release|Any CPU
		{F924BBBA-C6D1-44DD-B835-BDF1FDD83EEF}.Release|x86.ActiveCfg = Release|Any CPU
		{F924BBBA-C6D1-44DD-B835-BDF1FDD83EEF}.Release|x86.Build.0 = Release|Any CPU
		{D1C83A28-C3AC-4864-9B07-76926F9010E8}.Debug|Any CPU.ActiveCfg = Debug|Any CPU
		{D1C83A28-C3AC-4864-9B07-76926F9010E8}.Debug|Any CPU.Build.0 = Debug|Any CPU
		{D1C83A28-C3AC-4864-9B07-76926F9010E8}.Debug|x64.ActiveCfg = Debug|Any CPU
		{D1C83A28-C3AC-4864-9B07-76926F9010E8}.Debug|x64.Build.0 = Debug|Any CPU
		{D1C83A28-C3AC-4864-9B07-76926F9010E8}.Debug|x86.ActiveCfg = Debug|Any CPU
		{D1C83A28-C3AC-4864-9B07-76926F9010E8}.Debug|x86.Build.0 = Debug|Any CPU
		{D1C83A28-C3AC-4864-9B07-76926F9010E8}.Release|Any CPU.ActiveCfg = Release|Any CPU
		{D1C83A28-C3AC-4864-9B07-76926F9010E8}.Release|Any CPU.Build.0 = Release|Any CPU
		{D1C83A28-C3AC-4864-9B07-76926F9010E8}.Release|x64.ActiveCfg = Release|Any CPU
		{D1C83A28-C3AC-4864-9B07-76926F9010E8}.Release|x64.Build.0 = Release|Any CPU
		{D1C83A28-C3AC-4864-9B07-76926F9010E8}.Release|x86.ActiveCfg = Release|Any CPU
		{D1C83A28-C3AC-4864-9B07-76926F9010E8}.Release|x86.Build.0 = Release|Any CPU
		{0FE7B836-C7B7-4591-A5EA-545E78193802}.Debug|Any CPU.ActiveCfg = Debug|Any CPU
		{0FE7B836-C7B7-4591-A5EA-545E78193802}.Debug|Any CPU.Build.0 = Debug|Any CPU
		{0FE7B836-C7B7-4591-A5EA-545E78193802}.Debug|x64.ActiveCfg = Debug|Any CPU
		{0FE7B836-C7B7-4591-A5EA-545E78193802}.Debug|x64.Build.0 = Debug|Any CPU
		{0FE7B836-C7B7-4591-A5EA-545E78193802}.Debug|x86.ActiveCfg = Debug|Any CPU
		{0FE7B836-C7B7-4591-A5EA-545E78193802}.Debug|x86.Build.0 = Debug|Any CPU
		{0FE7B836-C7B7-4591-A5EA-545E78193802}.Release|Any CPU.ActiveCfg = Release|Any CPU
		{0FE7B836-C7B7-4591-A5EA-545E78193802}.Release|Any CPU.Build.0 = Release|Any CPU
		{0FE7B836-C7B7-4591-A5EA-545E78193802}.Release|x64.ActiveCfg = Release|Any CPU
		{0FE7B836-C7B7-4591-A5EA-545E78193802}.Release|x64.Build.0 = Release|Any CPU
		{0FE7B836-C7B7-4591-A5EA-545E78193802}.Release|x86.ActiveCfg = Release|Any CPU
		{0FE7B836-C7B7-4591-A5EA-545E78193802}.Release|x86.Build.0 = Release|Any CPU
		{D7C9EE26-4993-45D8-8EBF-D3C7015D570A}.Debug|Any CPU.ActiveCfg = Debug|Any CPU
		{D7C9EE26-4993-45D8-8EBF-D3C7015D570A}.Debug|Any CPU.Build.0 = Debug|Any CPU
		{D7C9EE26-4993-45D8-8EBF-D3C7015D570A}.Debug|x64.ActiveCfg = Debug|Any CPU
		{D7C9EE26-4993-45D8-8EBF-D3C7015D570A}.Debug|x64.Build.0 = Debug|Any CPU
		{D7C9EE26-4993-45D8-8EBF-D3C7015D570A}.Debug|x86.ActiveCfg = Debug|Any CPU
		{D7C9EE26-4993-45D8-8EBF-D3C7015D570A}.Debug|x86.Build.0 = Debug|Any CPU
		{D7C9EE26-4993-45D8-8EBF-D3C7015D570A}.Release|Any CPU.ActiveCfg = Release|Any CPU
		{D7C9EE26-4993-45D8-8EBF-D3C7015D570A}.Release|Any CPU.Build.0 = Release|Any CPU
		{D7C9EE26-4993-45D8-8EBF-D3C7015D570A}.Release|x64.ActiveCfg = Release|Any CPU
		{D7C9EE26-4993-45D8-8EBF-D3C7015D570A}.Release|x64.Build.0 = Release|Any CPU
		{D7C9EE26-4993-45D8-8EBF-D3C7015D570A}.Release|x86.ActiveCfg = Release|Any CPU
		{D7C9EE26-4993-45D8-8EBF-D3C7015D570A}.Release|x86.Build.0 = Release|Any CPU
		{3B41AAE2-483E-4623-B007-3AB06FF793D8}.Debug|Any CPU.ActiveCfg = Debug|Any CPU
		{3B41AAE2-483E-4623-B007-3AB06FF793D8}.Debug|Any CPU.Build.0 = Debug|Any CPU
		{3B41AAE2-483E-4623-B007-3AB06FF793D8}.Debug|x64.ActiveCfg = Debug|Any CPU
		{3B41AAE2-483E-4623-B007-3AB06FF793D8}.Debug|x64.Build.0 = Debug|Any CPU
		{3B41AAE2-483E-4623-B007-3AB06FF793D8}.Debug|x86.ActiveCfg = Debug|Any CPU
		{3B41AAE2-483E-4623-B007-3AB06FF793D8}.Debug|x86.Build.0 = Debug|Any CPU
		{3B41AAE2-483E-4623-B007-3AB06FF793D8}.Release|Any CPU.ActiveCfg = Release|Any CPU
		{3B41AAE2-483E-4623-B007-3AB06FF793D8}.Release|Any CPU.Build.0 = Release|Any CPU
		{3B41AAE2-483E-4623-B007-3AB06FF793D8}.Release|x64.ActiveCfg = Release|Any CPU
		{3B41AAE2-483E-4623-B007-3AB06FF793D8}.Release|x64.Build.0 = Release|Any CPU
		{3B41AAE2-483E-4623-B007-3AB06FF793D8}.Release|x86.ActiveCfg = Release|Any CPU
		{3B41AAE2-483E-4623-B007-3AB06FF793D8}.Release|x86.Build.0 = Release|Any CPU
	EndGlobalSection
	GlobalSection(SolutionProperties) = preSolution
		HideSolutionNode = FALSE
	EndGlobalSection
	GlobalSection(ExtensibilityGlobals) = postSolution
		SolutionGuid = {F0D0176A-DE49-45E8-884A-0C1BF7D79732}
	EndGlobalSection
EndGlobal
